
Microsoft Visual Studio Solution File, Format Version 12.00
# Visual Studio Version 17
VisualStudioVersion = 17.2.32602.215
MinimumVisualStudioVersion = 10.0.40219.1
Project("{00D1A9C2-B5F0-4AF3-8072-F6C62B433612}") = "EmployeeManagement_DB", "EmployeeManagement_DB\EmployeeManagement_DB.sqlproj", "{3B02608D-61BB-488A-B523-EDA73558413B}"
EndProject
Global
	GlobalSection(SolutionConfigurationPlatforms) = preSolution
		Debug|Any CPU = Debug|Any CPU
		Release|Any CPU = Release|Any CPU
	EndGlobalSection
	GlobalSection(ProjectConfigurationPlatforms) = postSolution
		{3B02608D-61BB-488A-B523-EDA73558413B}.Debug|Any CPU.ActiveCfg = Debug|Any CPU
		{3B02608D-61BB-488A-B523-EDA73558413B}.Debug|Any CPU.Build.0 = Debug|Any CPU
		{3B02608D-61BB-488A-B523-EDA73558413B}.Debug|Any CPU.Deploy.0 = Debug|Any CPU
		{3B02608D-61BB-488A-B523-EDA73558413B}.Release|Any CPU.ActiveCfg = Release|Any CPU
		{3B02608D-61BB-488A-B523-EDA73558413B}.Release|Any CPU.Build.0 = Release|Any CPU
		{3B02608D-61BB-488A-B523-EDA73558413B}.Release|Any CPU.Deploy.0 = Release|Any CPU
	EndGlobalSection
	GlobalSection(SolutionProperties) = preSolution
		HideSolutionNode = FALSE
	EndGlobalSection
	GlobalSection(ExtensibilityGlobals) = postSolution
		SolutionGuid = {D1A8537A-B43C-4752-81F1-8A6C83F4752F}
	EndGlobalSection
EndGlobal
